
Microsoft Visual Studio Solution File, Format Version 12.00
# Visual Studio Version 17
VisualStudioVersion = 17.6.33829.357
MinimumVisualStudioVersion = 10.0.40219.1
Project("{FAE04EC0-301F-11D3-BF4B-00C04F79EFBC}") = "LogisticsСontrolSystemServer", "LogisticsСontrolSystemServer\LogisticsСontrolSystemServer.csproj", "{F9C74FDC-E325-4A64-8ADB-75041798E17B}"
EndProject
Global
	GlobalSection(SolutionConfigurationPlatforms) = preSolution
		Debug|Any CPU = Debug|Any CPU
		Release|Any CPU = Release|Any CPU
	EndGlobalSection
	GlobalSection(ProjectConfigurationPlatforms) = postSolution
		{F9C74FDC-E325-4A64-8ADB-75041798E17B}.Debug|Any CPU.ActiveCfg = Debug|Any CPU
		{F9C74FDC-E325-4A64-8ADB-75041798E17B}.Debug|Any CPU.Build.0 = Debug|Any CPU
		{F9C74FDC-E325-4A64-8ADB-75041798E17B}.Release|Any CPU.ActiveCfg = Release|Any CPU
		{F9C74FDC-E325-4A64-8ADB-75041798E17B}.Release|Any CPU.Build.0 = Release|Any CPU
	EndGlobalSection
	GlobalSection(SolutionProperties) = preSolution
		HideSolutionNode = FALSE
	EndGlobalSection
	GlobalSection(ExtensibilityGlobals) = postSolution
		SolutionGuid = {F459FC38-66CD-446D-A880-49F8377B20F9}
	EndGlobalSection
EndGlobal
